
Microsoft Visual Studio Solution File, Format Version 12.00
# Visual Studio Version 17
VisualStudioVersion = 17.0.32014.148
MinimumVisualStudioVersion = 10.0.40219.1
Project("{FAE04EC0-301F-11D3-BF4B-00C04F79EFBC}") = "WCore", "WCore.csproj", "{8B50F40A-ACC8-4434-ADE8-80BB35C6DECD}"
EndProject
Global
	GlobalSection(SolutionConfigurationPlatforms) = preSolution
		Debug|Any CPU = Debug|Any CPU
		Release|Any CPU = Release|Any CPU
	EndGlobalSection
	GlobalSection(ProjectConfigurationPlatforms) = postSolution
		{8B50F40A-ACC8-4434-ADE8-80BB35C6DECD}.Debug|Any CPU.ActiveCfg = Debug|Any CPU
		{8B50F40A-ACC8-4434-ADE8-80BB35C6DECD}.Debug|Any CPU.Build.0 = Debug|Any CPU
		{8B50F40A-ACC8-4434-ADE8-80BB35C6DECD}.Release|Any CPU.ActiveCfg = Release|Any CPU
		{8B50F40A-ACC8-4434-ADE8-80BB35C6DECD}.Release|Any CPU.Build.0 = Release|Any CPU
	EndGlobalSection
	GlobalSection(SolutionProperties) = preSolution
		HideSolutionNode = FALSE
	EndGlobalSection
	GlobalSection(ExtensibilityGlobals) = postSolution
		SolutionGuid = {C3734F52-E320-4850-8042-0DD961963F97}
	EndGlobalSection
EndGlobal
